
Microsoft Visual Studio Solution File, Format Version 12.00
# Visual Studio Version 16
VisualStudioVersion = 16.0.30503.244
MinimumVisualStudioVersion = 10.0.40219.1
Project("{FAE04EC0-301F-11D3-BF4B-00C04F79EFBC}") = "BeatSender", "BeatSender\BeatSender.csproj", "{5C758A95-38D5-4E6B-8D78-EB43706425BD}"
EndProject
Global
	GlobalSection(SolutionConfigurationPlatforms) = preSolution
		Debug|Any CPU = Debug|Any CPU
		Release|Any CPU = Release|Any CPU
	EndGlobalSection
	GlobalSection(ProjectConfigurationPlatforms) = postSolution
		{5C758A95-38D5-4E6B-8D78-EB43706425BD}.Debug|Any CPU.ActiveCfg = Debug|Any CPU
		{5C758A95-38D5-4E6B-8D78-EB43706425BD}.Debug|Any CPU.Build.0 = Debug|Any CPU
		{5C758A95-38D5-4E6B-8D78-EB43706425BD}.Release|Any CPU.ActiveCfg = Release|Any CPU
		{5C758A95-38D5-4E6B-8D78-EB43706425BD}.Release|Any CPU.Build.0 = Release|Any CPU
	EndGlobalSection
	GlobalSection(SolutionProperties) = preSolution
		HideSolutionNode = FALSE
	EndGlobalSection
	GlobalSection(ExtensibilityGlobals) = postSolution
		SolutionGuid = {94006A2C-4068-477E-BE6F-D53B885740B1}
	EndGlobalSection
EndGlobal
